
Microsoft Visual Studio Solution File, Format Version 12.00
# Visual Studio Version 17
VisualStudioVersion = 17.3.32825.248
MinimumVisualStudioVersion = 10.0.40219.1
Project("{FAE04EC0-301F-11D3-BF4B-00C04F79EFBC}") = "DiplomaProject", "DiplomaProject\DiplomaProject.csproj", "{29F0C046-5156-4682-860C-EAFC0E03417D}"
EndProject
Global
	GlobalSection(SolutionConfigurationPlatforms) = preSolution
		Debug|Any CPU = Debug|Any CPU
		Release|Any CPU = Release|Any CPU
	EndGlobalSection
	GlobalSection(ProjectConfigurationPlatforms) = postSolution
		{29F0C046-5156-4682-860C-EAFC0E03417D}.Debug|Any CPU.ActiveCfg = Debug|Any CPU
		{29F0C046-5156-4682-860C-EAFC0E03417D}.Debug|Any CPU.Build.0 = Debug|Any CPU
		{29F0C046-5156-4682-860C-EAFC0E03417D}.Release|Any CPU.ActiveCfg = Release|Any CPU
		{29F0C046-5156-4682-860C-EAFC0E03417D}.Release|Any CPU.Build.0 = Release|Any CPU
	EndGlobalSection
	GlobalSection(SolutionProperties) = preSolution
		HideSolutionNode = FALSE
	EndGlobalSection
	GlobalSection(ExtensibilityGlobals) = postSolution
		SolutionGuid = {4BAECC14-3825-424A-8702-B0E866C61ABF}
	EndGlobalSection
EndGlobal
